// !$*UTF8*$!
{
	archiveVersion = 1;
	classes = {
	};
	objectVersion = 77;
	objects = {

/* Begin PBXBuildFile section */
		731B86752DE7FBB000F4374F /* emptyView.swift in Sources */ = {isa = PBXBuildFile; fileRef = 731B86742DE7FBB000F4374F /* emptyView.swift */; };
		731B86772DE8417000F4374F /* OngoingViewController.swift in Sources */ = {isa = PBXBuildFile; fileRef = 731B86762DE8417000F4374F /* OngoingViewController.swift */; };
		731B86792DE8515800F4374F /* OngoingView.swift in Sources */ = {isa = PBXBuildFile; fileRef = 731B86782DE8515800F4374F /* OngoingView.swift */; };
		731B867B2DE860EA00F4374F /* OngoingListViewCell.swift in Sources */ = {isa = PBXBuildFile; fileRef = 731B867A2DE860EA00F4374F /* OngoingListViewCell.swift */; };
		735971192DE5A71000CA01DC /* Assets.xcassets in Resources */ = {isa = PBXBuildFile; fileRef = 735971142DE5A71000CA01DC /* Assets.xcassets */; };
		7359711B2DE5A71000CA01DC /* LaunchScreen.storyboard in Resources */ = {isa = PBXBuildFile; fileRef = 735971172DE5A71000CA01DC /* LaunchScreen.storyboard */; };
		7359711C2DE5A71000CA01DC /* AppDelegate.swift in Sources */ = {isa = PBXBuildFile; fileRef = 735971132DE5A71000CA01DC /* AppDelegate.swift */; };
		735971252DE5B5C400CA01DC /* Base.swift in Sources */ = {isa = PBXBuildFile; fileRef = 735971242DE5B5C400CA01DC /* Base.swift */; };
		735971272DE5B61000CA01DC /* network.swift in Sources */ = {isa = PBXBuildFile; fileRef = 735971262DE5B60C00CA01DC /* network.swift */; };
		735971292DE5B61E00CA01DC /* model.swift in Sources */ = {isa = PBXBuildFile; fileRef = 735971282DE5B61C00CA01DC /* model.swift */; };
		7359712B2DE5B63200CA01DC /* LoginView.swift in Sources */ = {isa = PBXBuildFile; fileRef = 7359712A2DE5B63200CA01DC /* LoginView.swift */; };
		7359712D2DE5B63F00CA01DC /* HomeView.swift in Sources */ = {isa = PBXBuildFile; fileRef = 7359712C2DE5B63F00CA01DC /* HomeView.swift */; };
		7359712F2DE5B64A00CA01DC /* CenterView.swift in Sources */ = {isa = PBXBuildFile; fileRef = 7359712E2DE5B64A00CA01DC /* CenterView.swift */; };
		736936002DE6F94300B83A43 /* common.swift in Sources */ = {isa = PBXBuildFile; fileRef = 736935FF2DE6F93D00B83A43 /* common.swift */; };
		736936022DE707C900B83A43 /* orderheadview.swift in Sources */ = {isa = PBXBuildFile; fileRef = 736936012DE707BA00B83A43 /* orderheadview.swift */; };
		739604232DE5BA4200818C9D /* FirstViewController.swift in Sources */ = {isa = PBXBuildFile; fileRef = 739604222DE5BA4200818C9D /* FirstViewController.swift */; };
		739604272DE5BCE800818C9D /* CustomTabBarController.swift in Sources */ = {isa = PBXBuildFile; fileRef = 739604262DE5BCE800818C9D /* CustomTabBarController.swift */; };
		739604292DE5BD9800818C9D /* HomeViewController.swift in Sources */ = {isa = PBXBuildFile; fileRef = 739604282DE5BD8B00818C9D /* HomeViewController.swift */; };
		7396042C2DE5BDDC00818C9D /* OrderViewController.swift in Sources */ = {isa = PBXBuildFile; fileRef = 7396042B2DE5BDDC00818C9D /* OrderViewController.swift */; };
		7396042E2DE5BDEC00818C9D /* CenterViewController.swift in Sources */ = {isa = PBXBuildFile; fileRef = 7396042D2DE5BDEC00818C9D /* CenterViewController.swift */; };
		739604302DE5BF0600818C9D /* LoginViewController.swift in Sources */ = {isa = PBXBuildFile; fileRef = 7396042F2DE5BF0600818C9D /* LoginViewController.swift */; };
		739604322DE5BF2C00818C9D /* other.swift in Sources */ = {isa = PBXBuildFile; fileRef = 739604312DE5BF2600818C9D /* other.swift */; };
		73AB53E32DF5544500EF94FC /* RecommendViewController.swift in Sources */ = {isa = PBXBuildFile; fileRef = 73AB53E22DF5544500EF94FC /* RecommendViewController.swift */; };
		73AB53E82DF55CE900EF94FC /* StateMenuViewController.swift in Sources */ = {isa = PBXBuildFile; fileRef = 73AB53E72DF55CE900EF94FC /* StateMenuViewController.swift */; };
		73AB53EA2DF55CFC00EF94FC /* RouteMenuViewController.swift in Sources */ = {isa = PBXBuildFile; fileRef = 73AB53E92DF55CFC00EF94FC /* RouteMenuViewController.swift */; };
		73AB53EC2DF55D0800EF94FC /* RoutePhoneViewController.swift in Sources */ = {isa = PBXBuildFile; fileRef = 73AB53EB2DF55D0800EF94FC /* RoutePhoneViewController.swift */; };
		73AB53EE2DF55D1300EF94FC /* RouteWBViewController.swift in Sources */ = {isa = PBXBuildFile; fileRef = 73AB53ED2DF55D1300EF94FC /* RouteWBViewController.swift */; };
		73AB53F22DF55FA000EF94FC /* RecommendView.swift in Sources */ = {isa = PBXBuildFile; fileRef = 73AB53F12DF55FA000EF94FC /* RecommendView.swift */; };
		73AB53F42DF5634800EF94FC /* RecommendCell.swift in Sources */ = {isa = PBXBuildFile; fileRef = 73AB53F32DF5634800EF94FC /* RecommendCell.swift */; };
		73AB53F72DF5845000EF94FC /* RecommendStepViewController.swift in Sources */ = {isa = PBXBuildFile; fileRef = 73AB53F62DF5845000EF94FC /* RecommendStepViewController.swift */; };
		73AB53F92DF585F300EF94FC /* RecommendStepView.swift in Sources */ = {isa = PBXBuildFile; fileRef = 73AB53F82DF585F300EF94FC /* RecommendStepView.swift */; };
		73AB53FB2DF589C700EF94FC /* RecommendListView.swift in Sources */ = {isa = PBXBuildFile; fileRef = 73AB53FA2DF589C700EF94FC /* RecommendListView.swift */; };
		73AB53FD2DF58D3A00EF94FC /* PopSelectView.swift in Sources */ = {isa = PBXBuildFile; fileRef = 73AB53FC2DF58D3A00EF94FC /* PopSelectView.swift */; };
		73AB53FF2DF58F3800EF94FC /* photo.swift in Sources */ = {isa = PBXBuildFile; fileRef = 73AB53FE2DF58F3400EF94FC /* photo.swift */; };
		73AB54012DF5A8A800EF94FC /* EnumListView.swift in Sources */ = {isa = PBXBuildFile; fileRef = 73AB54002DF5A8A800EF94FC /* EnumListView.swift */; };
		73AB54032DF5AB9D00EF94FC /* EnumListTextFieldView.swift in Sources */ = {isa = PBXBuildFile; fileRef = 73AB54022DF5AB9D00EF94FC /* EnumListTextFieldView.swift */; };
		73AB54052DF5B60D00EF94FC /* timeConfig.swift in Sources */ = {isa = PBXBuildFile; fileRef = 73AB54042DF5B60400EF94FC /* timeConfig.swift */; };
		73AB54072DF5C48600EF94FC /* AboutBotView.swift in Sources */ = {isa = PBXBuildFile; fileRef = 73AB54062DF5C48600EF94FC /* AboutBotView.swift */; };
		73AB54092DF5CB7500EF94FC /* AboutBotNormalViewCell.swift in Sources */ = {isa = PBXBuildFile; fileRef = 73AB54082DF5CB7500EF94FC /* AboutBotNormalViewCell.swift */; };
		73AB540B2DF5CB8000EF94FC /* AboutBotSelectViewCell.swift in Sources */ = {isa = PBXBuildFile; fileRef = 73AB540A2DF5CB8000EF94FC /* AboutBotSelectViewCell.swift */; };
		73AB540D2DF5D54B00EF94FC /* select.swift in Sources */ = {isa = PBXBuildFile; fileRef = 73AB540C2DF5D54400EF94FC /* select.swift */; };
		73F175162DF7D6FA006DC588 /* RoutePesoViewCell.swift in Sources */ = {isa = PBXBuildFile; fileRef = 73F175152DF7D6FA006DC588 /* RoutePesoViewCell.swift */; };
		73F175182DF8024D006DC588 /* contact.swift in Sources */ = {isa = PBXBuildFile; fileRef = 73F175172DF80247006DC588 /* contact.swift */; };
		73F1751A2DF84EE8006DC588 /* RouteWebViewController.swift in Sources */ = {isa = PBXBuildFile; fileRef = 73F175192DF84EE8006DC588 /* RouteWebViewController.swift */; };
		73F1751C2DF85A80006DC588 /* RouteOrderListCell.swift in Sources */ = {isa = PBXBuildFile; fileRef = 73F1751B2DF85A80006DC588 /* RouteOrderListCell.swift */; };
		73F175202DF919A5006DC588 /* RouteOrderTypeView.swift in Sources */ = {isa = PBXBuildFile; fileRef = 73F1751F2DF919A5006DC588 /* RouteOrderTypeView.swift */; };
		73F175222DF92DF1006DC588 /* outdel.swift in Sources */ = {isa = PBXBuildFile; fileRef = 73F175212DF92DE5006DC588 /* outdel.swift */; };
		73F175242DF933DF006DC588 /* location.swift in Sources */ = {isa = PBXBuildFile; fileRef = 73F175232DF933DB006DC588 /* location.swift */; };
		C4B7FBFE3993652EDB6338AC /* Pods_credibot.framework in Frameworks */ = {isa = PBXBuildFile; fileRef = FAA7A9F57EFFE1F490F28FE0 /* Pods_credibot.framework */; };
/* End PBXBuildFile section */

/* Begin PBXFileReference section */
		09128FF3F3A376DACDB17C27 /* Pods-credibot.release.xcconfig */ = {isa = PBXFileReference; includeInIndex = 1; lastKnownFileType = text.xcconfig; name = "Pods-credibot.release.xcconfig"; path = "Target Support Files/Pods-credibot/Pods-credibot.release.xcconfig"; sourceTree = "<group>"; };
		67D48FDC88FA1B76A7542EBB /* Pods-credibot.debug.xcconfig */ = {isa = PBXFileReference; includeInIndex = 1; lastKnownFileType = text.xcconfig; name = "Pods-credibot.debug.xcconfig"; path = "Target Support Files/Pods-credibot/Pods-credibot.debug.xcconfig"; sourceTree = "<group>"; };
		731B86742DE7FBB000F4374F /* emptyView.swift */ = {isa = PBXFileReference; lastKnownFileType = sourcecode.swift; path = emptyView.swift; sourceTree = "<group>"; };
		731B86762DE8417000F4374F /* OngoingViewController.swift */ = {isa = PBXFileReference; lastKnownFileType = sourcecode.swift; path = OngoingViewController.swift; sourceTree = "<group>"; };
		731B86782DE8515800F4374F /* OngoingView.swift */ = {isa = PBXFileReference; lastKnownFileType = sourcecode.swift; path = OngoingView.swift; sourceTree = "<group>"; };
		731B867A2DE860EA00F4374F /* OngoingListViewCell.swift */ = {isa = PBXFileReference; lastKnownFileType = sourcecode.swift; path = OngoingListViewCell.swift; sourceTree = "<group>"; };
		735970FB2DE5A6CC00CA01DC /* credibot.app */ = {isa = PBXFileReference; explicitFileType = wrapper.application; includeInIndex = 0; path = credibot.app; sourceTree = BUILT_PRODUCTS_DIR; };
		735971132DE5A71000CA01DC /* AppDelegate.swift */ = {isa = PBXFileReference; lastKnownFileType = sourcecode.swift; path = AppDelegate.swift; sourceTree = "<group>"; };
		735971142DE5A71000CA01DC /* Assets.xcassets */ = {isa = PBXFileReference; lastKnownFileType = folder.assetcatalog; path = Assets.xcassets; sourceTree = "<group>"; };
		735971152DE5A71000CA01DC /* Info.plist */ = {isa = PBXFileReference; lastKnownFileType = text.plist.xml; path = Info.plist; sourceTree = "<group>"; };
		735971162DE5A71000CA01DC /* Base */ = {isa = PBXFileReference; lastKnownFileType = file.storyboard; name = Base; path = Base.lproj/LaunchScreen.storyboard; sourceTree = "<group>"; };
		735971242DE5B5C400CA01DC /* Base.swift */ = {isa = PBXFileReference; lastKnownFileType = sourcecode.swift; path = Base.swift; sourceTree = "<group>"; };
		735971262DE5B60C00CA01DC /* network.swift */ = {isa = PBXFileReference; lastKnownFileType = sourcecode.swift; path = network.swift; sourceTree = "<group>"; };
		735971282DE5B61C00CA01DC /* model.swift */ = {isa = PBXFileReference; lastKnownFileType = sourcecode.swift; path = model.swift; sourceTree = "<group>"; };
		7359712A2DE5B63200CA01DC /* LoginView.swift */ = {isa = PBXFileReference; lastKnownFileType = sourcecode.swift; path = LoginView.swift; sourceTree = "<group>"; };
		7359712C2DE5B63F00CA01DC /* HomeView.swift */ = {isa = PBXFileReference; lastKnownFileType = sourcecode.swift; path = HomeView.swift; sourceTree = "<group>"; };
		7359712E2DE5B64A00CA01DC /* CenterView.swift */ = {isa = PBXFileReference; lastKnownFileType = sourcecode.swift; path = CenterView.swift; sourceTree = "<group>"; };
		736935FF2DE6F93D00B83A43 /* common.swift */ = {isa = PBXFileReference; lastKnownFileType = sourcecode.swift; path = common.swift; sourceTree = "<group>"; };
		736936012DE707BA00B83A43 /* orderheadview.swift */ = {isa = PBXFileReference; lastKnownFileType = sourcecode.swift; path = orderheadview.swift; sourceTree = "<group>"; };
		739604222DE5BA4200818C9D /* FirstViewController.swift */ = {isa = PBXFileReference; lastKnownFileType = sourcecode.swift; path = FirstViewController.swift; sourceTree = "<group>"; };
		739604262DE5BCE800818C9D /* CustomTabBarController.swift */ = {isa = PBXFileReference; lastKnownFileType = sourcecode.swift; path = CustomTabBarController.swift; sourceTree = "<group>"; };
		739604282DE5BD8B00818C9D /* HomeViewController.swift */ = {isa = PBXFileReference; lastKnownFileType = sourcecode.swift; path = HomeViewController.swift; sourceTree = "<group>"; };
		7396042B2DE5BDDC00818C9D /* OrderViewController.swift */ = {isa = PBXFileReference; lastKnownFileType = sourcecode.swift; path = OrderViewController.swift; sourceTree = "<group>"; };
		7396042D2DE5BDEC00818C9D /* CenterViewController.swift */ = {isa = PBXFileReference; lastKnownFileType = sourcecode.swift; path = CenterViewController.swift; sourceTree = "<group>"; };
		7396042F2DE5BF0600818C9D /* LoginViewController.swift */ = {isa = PBXFileReference; lastKnownFileType = sourcecode.swift; path = LoginViewController.swift; sourceTree = "<group>"; };
		739604312DE5BF2600818C9D /* other.swift */ = {isa = PBXFileReference; lastKnownFileType = sourcecode.swift; path = other.swift; sourceTree = "<group>"; };
		73AB53E22DF5544500EF94FC /* RecommendViewController.swift */ = {isa = PBXFileReference; lastKnownFileType = sourcecode.swift; path = RecommendViewController.swift; sourceTree = "<group>"; };
		73AB53E72DF55CE900EF94FC /* StateMenuViewController.swift */ = {isa = PBXFileReference; lastKnownFileType = sourcecode.swift; path = StateMenuViewController.swift; sourceTree = "<group>"; };
		73AB53E92DF55CFC00EF94FC /* RouteMenuViewController.swift */ = {isa = PBXFileReference; lastKnownFileType = sourcecode.swift; path = RouteMenuViewController.swift; sourceTree = "<group>"; };
		73AB53EB2DF55D0800EF94FC /* RoutePhoneViewController.swift */ = {isa = PBXFileReference; lastKnownFileType = sourcecode.swift; path = RoutePhoneViewController.swift; sourceTree = "<group>"; };
		73AB53ED2DF55D1300EF94FC /* RouteWBViewController.swift */ = {isa = PBXFileReference; lastKnownFileType = sourcecode.swift; path = RouteWBViewController.swift; sourceTree = "<group>"; };
		73AB53F12DF55FA000EF94FC /* RecommendView.swift */ = {isa = PBXFileReference; lastKnownFileType = sourcecode.swift; path = RecommendView.swift; sourceTree = "<group>"; };
		73AB53F32DF5634800EF94FC /* RecommendCell.swift */ = {isa = PBXFileReference; lastKnownFileType = sourcecode.swift; path = RecommendCell.swift; sourceTree = "<group>"; };
		73AB53F62DF5845000EF94FC /* RecommendStepViewController.swift */ = {isa = PBXFileReference; lastKnownFileType = sourcecode.swift; path = RecommendStepViewController.swift; sourceTree = "<group>"; };
		73AB53F82DF585F300EF94FC /* RecommendStepView.swift */ = {isa = PBXFileReference; lastKnownFileType = sourcecode.swift; path = RecommendStepView.swift; sourceTree = "<group>"; };
		73AB53FA2DF589C700EF94FC /* RecommendListView.swift */ = {isa = PBXFileReference; lastKnownFileType = sourcecode.swift; path = RecommendListView.swift; sourceTree = "<group>"; };
		73AB53FC2DF58D3A00EF94FC /* PopSelectView.swift */ = {isa = PBXFileReference; lastKnownFileType = sourcecode.swift; path = PopSelectView.swift; sourceTree = "<group>"; };
		73AB53FE2DF58F3400EF94FC /* photo.swift */ = {isa = PBXFileReference; lastKnownFileType = sourcecode.swift; path = photo.swift; sourceTree = "<group>"; };
		73AB54002DF5A8A800EF94FC /* EnumListView.swift */ = {isa = PBXFileReference; lastKnownFileType = sourcecode.swift; path = EnumListView.swift; sourceTree = "<group>"; };
		73AB54022DF5AB9D00EF94FC /* EnumListTextFieldView.swift */ = {isa = PBXFileReference; lastKnownFileType = sourcecode.swift; path = EnumListTextFieldView.swift; sourceTree = "<group>"; };
		73AB54042DF5B60400EF94FC /* timeConfig.swift */ = {isa = PBXFileReference; lastKnownFileType = sourcecode.swift; path = timeConfig.swift; sourceTree = "<group>"; };
		73AB54062DF5C48600EF94FC /* AboutBotView.swift */ = {isa = PBXFileReference; lastKnownFileType = sourcecode.swift; path = AboutBotView.swift; sourceTree = "<group>"; };
		73AB54082DF5CB7500EF94FC /* AboutBotNormalViewCell.swift */ = {isa = PBXFileReference; lastKnownFileType = sourcecode.swift; path = AboutBotNormalViewCell.swift; sourceTree = "<group>"; };
		73AB540A2DF5CB8000EF94FC /* AboutBotSelectViewCell.swift */ = {isa = PBXFileReference; lastKnownFileType = sourcecode.swift; path = AboutBotSelectViewCell.swift; sourceTree = "<group>"; };
		73AB540C2DF5D54400EF94FC /* select.swift */ = {isa = PBXFileReference; lastKnownFileType = sourcecode.swift; path = select.swift; sourceTree = "<group>"; };
		73F175152DF7D6FA006DC588 /* RoutePesoViewCell.swift */ = {isa = PBXFileReference; lastKnownFileType = sourcecode.swift; path = RoutePesoViewCell.swift; sourceTree = "<group>"; };
		73F175172DF80247006DC588 /* contact.swift */ = {isa = PBXFileReference; lastKnownFileType = sourcecode.swift; path = contact.swift; sourceTree = "<group>"; };
		73F175192DF84EE8006DC588 /* RouteWebViewController.swift */ = {isa = PBXFileReference; lastKnownFileType = sourcecode.swift; path = RouteWebViewController.swift; sourceTree = "<group>"; };
		73F1751B2DF85A80006DC588 /* RouteOrderListCell.swift */ = {isa = PBXFileReference; lastKnownFileType = sourcecode.swift; path = RouteOrderListCell.swift; sourceTree = "<group>"; };
		73F1751F2DF919A5006DC588 /* RouteOrderTypeView.swift */ = {isa = PBXFileReference; lastKnownFileType = sourcecode.swift; path = RouteOrderTypeView.swift; sourceTree = "<group>"; };
		73F175212DF92DE5006DC588 /* outdel.swift */ = {isa = PBXFileReference; lastKnownFileType = sourcecode.swift; path = outdel.swift; sourceTree = "<group>"; };
		73F175232DF933DB006DC588 /* location.swift */ = {isa = PBXFileReference; lastKnownFileType = sourcecode.swift; path = location.swift; sourceTree = "<group>"; };
		FAA7A9F57EFFE1F490F28FE0 /* Pods_credibot.framework */ = {isa = PBXFileReference; explicitFileType = wrapper.framework; includeInIndex = 0; path = Pods_credibot.framework; sourceTree = BUILT_PRODUCTS_DIR; };
/* End PBXFileReference section */

/* Begin PBXFrameworksBuildPhase section */
		735970F82DE5A6CC00CA01DC /* Frameworks */ = {
			isa = PBXFrameworksBuildPhase;
			buildActionMask = 2147483647;
			files = (
				C4B7FBFE3993652EDB6338AC /* Pods_credibot.framework in Frameworks */,
			);
			runOnlyForDeploymentPostprocessing = 0;
		};
/* End PBXFrameworksBuildPhase section */

/* Begin PBXGroup section */
		735970F22DE5A6CC00CA01DC = {
			isa = PBXGroup;
			children = (
				735971182DE5A71000CA01DC /* credibot */,
				735970FC2DE5A6CC00CA01DC /* Products */,
				D29026B36F86AB7C7E785CB1 /* Pods */,
				E7E8C24B515E6636D5F03ECC /* Frameworks */,
			);
			sourceTree = "<group>";
		};
		735970FC2DE5A6CC00CA01DC /* Products */ = {
			isa = PBXGroup;
			children = (
				735970FB2DE5A6CC00CA01DC /* credibot.app */,
			);
			name = Products;
			sourceTree = "<group>";
		};
		735971182DE5A71000CA01DC /* credibot */ = {
			isa = PBXGroup;
			children = (
				735971152DE5A71000CA01DC /* Info.plist */,
				735971142DE5A71000CA01DC /* Assets.xcassets */,
				735971132DE5A71000CA01DC /* AppDelegate.swift */,
				735971172DE5A71000CA01DC /* LaunchScreen.storyboard */,
				735971212DE5ADED00CA01DC /* other */,
				735971222DE5ADF000CA01DC /* requset */,
				735971202DE5ADEB00CA01DC /* model */,
				7359711F2DE5ADE000CA01DC /* center */,
				7396042A2DE5BDB900818C9D /* order */,
				7359711D2DE5ADCF00CA01DC /* home */,
				73AB53E62DF5563300EF94FC /* product */,
				7359711E2DE5ADDA00CA01DC /* login */,
				735971232DE5B58B00CA01DC /* base */,
			);
			path = credibot;
			sourceTree = "<group>";
		};
		7359711D2DE5ADCF00CA01DC /* home */ = {
			isa = PBXGroup;
			children = (
				7359712C2DE5B63F00CA01DC /* HomeView.swift */,
				739604282DE5BD8B00818C9D /* HomeViewController.swift */,
			);
			path = home;
			sourceTree = "<group>";
		};
		7359711E2DE5ADDA00CA01DC /* login */ = {
			isa = PBXGroup;
			children = (
				7359712A2DE5B63200CA01DC /* LoginView.swift */,
				7396042F2DE5BF0600818C9D /* LoginViewController.swift */,
			);
			path = login;
			sourceTree = "<group>";
		};
		7359711F2DE5ADE000CA01DC /* center */ = {
			isa = PBXGroup;
			children = (
				7359712E2DE5B64A00CA01DC /* CenterView.swift */,
				7396042D2DE5BDEC00818C9D /* CenterViewController.swift */,
			);
			path = center;
			sourceTree = "<group>";
		};
		735971202DE5ADEB00CA01DC /* model */ = {
			isa = PBXGroup;
			children = (
				735971282DE5B61C00CA01DC /* model.swift */,
			);
			path = model;
			sourceTree = "<group>";
		};
		735971212DE5ADED00CA01DC /* other */ = {
			isa = PBXGroup;
			children = (
				73F175232DF933DB006DC588 /* location.swift */,
				73F175212DF92DE5006DC588 /* outdel.swift */,
				73F175172DF80247006DC588 /* contact.swift */,
				73AB540C2DF5D54400EF94FC /* select.swift */,
				73AB54042DF5B60400EF94FC /* timeConfig.swift */,
				73AB53FE2DF58F3400EF94FC /* photo.swift */,
				739604312DE5BF2600818C9D /* other.swift */,
				736935FF2DE6F93D00B83A43 /* common.swift */,
				731B86742DE7FBB000F4374F /* emptyView.swift */,
			);
			path = other;
			sourceTree = "<group>";
		};
		735971222DE5ADF000CA01DC /* requset */ = {
			isa = PBXGroup;
			children = (
				735971262DE5B60C00CA01DC /* network.swift */,
			);
			path = requset;
			sourceTree = "<group>";
		};
		735971232DE5B58B00CA01DC /* base */ = {
			isa = PBXGroup;
			children = (
				735971242DE5B5C400CA01DC /* Base.swift */,
				739604222DE5BA4200818C9D /* FirstViewController.swift */,
				739604262DE5BCE800818C9D /* CustomTabBarController.swift */,
			);
			path = base;
			sourceTree = "<group>";
		};
		7396042A2DE5BDB900818C9D /* order */ = {
			isa = PBXGroup;
			children = (
				736936012DE707BA00B83A43 /* orderheadview.swift */,
				7396042B2DE5BDDC00818C9D /* OrderViewController.swift */,
				73F1751B2DF85A80006DC588 /* RouteOrderListCell.swift */,
				73F1751F2DF919A5006DC588 /* RouteOrderTypeView.swift */,
			);
			path = order;
			sourceTree = "<group>";
		};
		73AB53E62DF5563300EF94FC /* product */ = {
			isa = PBXGroup;
			children = (
				73AB53EF2DF55F5C00EF94FC /* view */,
				73AB53F02DF55F6500EF94FC /* controller */,
			);
			path = product;
			sourceTree = "<group>";
		};
		73AB53EF2DF55F5C00EF94FC /* view */ = {
			isa = PBXGroup;
			children = (
				731B86782DE8515800F4374F /* OngoingView.swift */,
				731B867A2DE860EA00F4374F /* OngoingListViewCell.swift */,
				73AB53F12DF55FA000EF94FC /* RecommendView.swift */,
				73AB53F32DF5634800EF94FC /* RecommendCell.swift */,
				73AB53FA2DF589C700EF94FC /* RecommendListView.swift */,
				73AB53F82DF585F300EF94FC /* RecommendStepView.swift */,
				73AB53FC2DF58D3A00EF94FC /* PopSelectView.swift */,
				73AB54022DF5AB9D00EF94FC /* EnumListTextFieldView.swift */,
				73AB54002DF5A8A800EF94FC /* EnumListView.swift */,
				73AB54062DF5C48600EF94FC /* AboutBotView.swift */,
				73AB54082DF5CB7500EF94FC /* AboutBotNormalViewCell.swift */,
				73AB540A2DF5CB8000EF94FC /* AboutBotSelectViewCell.swift */,
				73F175152DF7D6FA006DC588 /* RoutePesoViewCell.swift */,
			);
			path = view;
			sourceTree = "<group>";
		};
		73AB53F02DF55F6500EF94FC /* controller */ = {
			isa = PBXGroup;
			children = (
				731B86762DE8417000F4374F /* OngoingViewController.swift */,
				73AB53E22DF5544500EF94FC /* RecommendViewController.swift */,
				73AB53F62DF5845000EF94FC /* RecommendStepViewController.swift */,
				73AB53E72DF55CE900EF94FC /* StateMenuViewController.swift */,
				73AB53E92DF55CFC00EF94FC /* RouteMenuViewController.swift */,
				73AB53EB2DF55D0800EF94FC /* RoutePhoneViewController.swift */,
				73AB53ED2DF55D1300EF94FC /* RouteWBViewController.swift */,
				73F175192DF84EE8006DC588 /* RouteWebViewController.swift */,
			);
			path = controller;
			sourceTree = "<group>";
		};
		D29026B36F86AB7C7E785CB1 /* Pods */ = {
			isa = PBXGroup;
			children = (
				67D48FDC88FA1B76A7542EBB /* Pods-credibot.debug.xcconfig */,
				09128FF3F3A376DACDB17C27 /* Pods-credibot.release.xcconfig */,
			);
			path = Pods;
			sourceTree = "<group>";
		};
		E7E8C24B515E6636D5F03ECC /* Frameworks */ = {
			isa = PBXGroup;
			children = (
				FAA7A9F57EFFE1F490F28FE0 /* Pods_credibot.framework */,
			);
			name = Frameworks;
			sourceTree = "<group>";
		};
/* End PBXGroup section */

/* Begin PBXNativeTarget section */
		735970FA2DE5A6CC00CA01DC /* credibot */ = {
			isa = PBXNativeTarget;
			buildConfigurationList = 7359710E2DE5A6CD00CA01DC /* Build configuration list for PBXNativeTarget "credibot" */;
			buildPhases = (
				13A1D04699F5EA826CD59A19 /* [CP] Check Pods Manifest.lock */,
				735970F72DE5A6CC00CA01DC /* Sources */,
				735970F82DE5A6CC00CA01DC /* Frameworks */,
				735970F92DE5A6CC00CA01DC /* Resources */,
				661611F5CC0F25CD5433AE82 /* [CP] Embed Pods Frameworks */,
			);
			buildRules = (
			);
			dependencies = (
			);
			name = credibot;
			productName = credibot;
			productReference = 735970FB2DE5A6CC00CA01DC /* credibot.app */;
			productType = "com.apple.product-type.application";
		};
/* End PBXNativeTarget section */

/* Begin PBXProject section */
		735970F32DE5A6CC00CA01DC /* Project object */ = {
			isa = PBXProject;
			attributes = {
				BuildIndependentTargetsInParallel = 1;
				LastSwiftUpdateCheck = 1630;
				LastUpgradeCheck = 1630;
				TargetAttributes = {
					735970FA2DE5A6CC00CA01DC = {
						CreatedOnToolsVersion = 16.3;
					};
				};
			};
			buildConfigurationList = 735970F62DE5A6CC00CA01DC /* Build configuration list for PBXProject "credibot" */;
			developmentRegion = en;
			hasScannedForEncodings = 0;
			knownRegions = (
				en,
				Base,
			);
			mainGroup = 735970F22DE5A6CC00CA01DC;
			minimizedProjectReferenceProxies = 1;
			preferredProjectObjectVersion = 77;
			productRefGroup = 735970FC2DE5A6CC00CA01DC /* Products */;
			projectDirPath = "";
			projectRoot = "";
			targets = (
				735970FA2DE5A6CC00CA01DC /* credibot */,
			);
		};
/* End PBXProject section */

/* Begin PBXResourcesBuildPhase section */
		735970F92DE5A6CC00CA01DC /* Resources */ = {
			isa = PBXResourcesBuildPhase;
			buildActionMask = 2147483647;
			files = (
				735971192DE5A71000CA01DC /* Assets.xcassets in Resources */,
				7359711B2DE5A71000CA01DC /* LaunchScreen.storyboard in Resources */,
			);
			runOnlyForDeploymentPostprocessing = 0;
		};
/* End PBXResourcesBuildPhase section */

/* Begin PBXShellScriptBuildPhase section */
		13A1D04699F5EA826CD59A19 /* [CP] Check Pods Manifest.lock */ = {
			isa = PBXShellScriptBuildPhase;
			buildActionMask = 2147483647;
			files = (
			);
			inputFileListPaths = (
			);
			inputPaths = (
				"${PODS_PODFILE_DIR_PATH}/Podfile.lock",
				"${PODS_ROOT}/Manifest.lock",
			);
			name = "[CP] Check Pods Manifest.lock";
			outputFileListPaths = (
			);
			outputPaths = (
				"$(DERIVED_FILE_DIR)/Pods-credibot-checkManifestLockResult.txt",
			);
			runOnlyForDeploymentPostprocessing = 0;
			shellPath = /bin/sh;
			shellScript = "diff \"${PODS_PODFILE_DIR_PATH}/Podfile.lock\" \"${PODS_ROOT}/Manifest.lock\" > /dev/null\nif [ $? != 0 ] ; then\n    # print error to STDERR\n    echo \"error: The sandbox is not in sync with the Podfile.lock. Run 'pod install' or update your CocoaPods installation.\" >&2\n    exit 1\nfi\n# This output is used by Xcode 'outputs' to avoid re-running this script phase.\necho \"SUCCESS\" > \"${SCRIPT_OUTPUT_FILE_0}\"\n";
			showEnvVarsInLog = 0;
		};
		661611F5CC0F25CD5433AE82 /* [CP] Embed Pods Frameworks */ = {
			isa = PBXShellScriptBuildPhase;
			buildActionMask = 2147483647;
			files = (
			);
			inputFileListPaths = (
				"${PODS_ROOT}/Target Support Files/Pods-credibot/Pods-credibot-frameworks-${CONFIGURATION}-input-files.xcfilelist",
			);
			inputPaths = (
			);
			name = "[CP] Embed Pods Frameworks";
			outputFileListPaths = (
				"${PODS_ROOT}/Target Support Files/Pods-credibot/Pods-credibot-frameworks-${CONFIGURATION}-output-files.xcfilelist",
			);
			outputPaths = (
			);
			runOnlyForDeploymentPostprocessing = 0;
			shellPath = /bin/sh;
			shellScript = "\"${PODS_ROOT}/Target Support Files/Pods-credibot/Pods-credibot-frameworks.sh\"\n";
			showEnvVarsInLog = 0;
		};
/* End PBXShellScriptBuildPhase section */

/* Begin PBXSourcesBuildPhase section */
		735970F72DE5A6CC00CA01DC /* Sources */ = {
			isa = PBXSourcesBuildPhase;
			buildActionMask = 2147483647;
			files = (
				7359711C2DE5A71000CA01DC /* AppDelegate.swift in Sources */,
				73AB53F22DF55FA000EF94FC /* RecommendView.swift in Sources */,
				73AB53FB2DF589C700EF94FC /* RecommendListView.swift in Sources */,
				7359712F2DE5B64A00CA01DC /* CenterView.swift in Sources */,
				73AB53E32DF5544500EF94FC /* RecommendViewController.swift in Sources */,
				73F1751C2DF85A80006DC588 /* RouteOrderListCell.swift in Sources */,
				73AB54012DF5A8A800EF94FC /* EnumListView.swift in Sources */,
				73F175202DF919A5006DC588 /* RouteOrderTypeView.swift in Sources */,
				735971272DE5B61000CA01DC /* network.swift in Sources */,
				73AB53F72DF5845000EF94FC /* RecommendStepViewController.swift in Sources */,
				739604232DE5BA4200818C9D /* FirstViewController.swift in Sources */,
				73AB53EE2DF55D1300EF94FC /* RouteWBViewController.swift in Sources */,
				73F175222DF92DF1006DC588 /* outdel.swift in Sources */,
				73F175182DF8024D006DC588 /* contact.swift in Sources */,
				735971252DE5B5C400CA01DC /* Base.swift in Sources */,
				73AB540B2DF5CB8000EF94FC /* AboutBotSelectViewCell.swift in Sources */,
				739604292DE5BD9800818C9D /* HomeViewController.swift in Sources */,
				7359712D2DE5B63F00CA01DC /* HomeView.swift in Sources */,
				73F1751A2DF84EE8006DC588 /* RouteWebViewController.swift in Sources */,
				731B86752DE7FBB000F4374F /* emptyView.swift in Sources */,
				731B867B2DE860EA00F4374F /* OngoingListViewCell.swift in Sources */,
				736936022DE707C900B83A43 /* orderheadview.swift in Sources */,
				7359712B2DE5B63200CA01DC /* LoginView.swift in Sources */,
				731B86792DE8515800F4374F /* OngoingView.swift in Sources */,
				73F175242DF933DF006DC588 /* location.swift in Sources */,
				73AB53E82DF55CE900EF94FC /* StateMenuViewController.swift in Sources */,
				73AB53FF2DF58F3800EF94FC /* photo.swift in Sources */,
				73AB54052DF5B60D00EF94FC /* timeConfig.swift in Sources */,
				73AB53F92DF585F300EF94FC /* RecommendStepView.swift in Sources */,
				73AB54092DF5CB7500EF94FC /* AboutBotNormalViewCell.swift in Sources */,
				73AB54072DF5C48600EF94FC /* AboutBotView.swift in Sources */,
				73AB540D2DF5D54B00EF94FC /* select.swift in Sources */,
				735971292DE5B61E00CA01DC /* model.swift in Sources */,
				73F175162DF7D6FA006DC588 /* RoutePesoViewCell.swift in Sources */,
				7396042E2DE5BDEC00818C9D /* CenterViewController.swift in Sources */,
				7396042C2DE5BDDC00818C9D /* OrderViewController.swift in Sources */,
				73AB53EC2DF55D0800EF94FC /* RoutePhoneViewController.swift in Sources */,
				73AB53FD2DF58D3A00EF94FC /* PopSelectView.swift in Sources */,
				739604302DE5BF0600818C9D /* LoginViewController.swift in Sources */,
				73AB53EA2DF55CFC00EF94FC /* RouteMenuViewController.swift in Sources */,
				739604322DE5BF2C00818C9D /* other.swift in Sources */,
				73AB54032DF5AB9D00EF94FC /* EnumListTextFieldView.swift in Sources */,
				73AB53F42DF5634800EF94FC /* RecommendCell.swift in Sources */,
				739604272DE5BCE800818C9D /* CustomTabBarController.swift in Sources */,
				731B86772DE8417000F4374F /* OngoingViewController.swift in Sources */,
				736936002DE6F94300B83A43 /* common.swift in Sources */,
			);
			runOnlyForDeploymentPostprocessing = 0;
		};
/* End PBXSourcesBuildPhase section */

/* Begin PBXVariantGroup section */
		735971172DE5A71000CA01DC /* LaunchScreen.storyboard */ = {
			isa = PBXVariantGroup;
			children = (
				735971162DE5A71000CA01DC /* Base */,
			);
			name = LaunchScreen.storyboard;
			sourceTree = "<group>";
		};
/* End PBXVariantGroup section */

/* Begin XCBuildConfiguration section */
		7359710F2DE5A6CD00CA01DC /* Debug */ = {
			isa = XCBuildConfiguration;
			baseConfigurationReference = 67D48FDC88FA1B76A7542EBB /* Pods-credibot.debug.xcconfig */;
			buildSettings = {
				ASSETCATALOG_COMPILER_APPICON_NAME = AppIcon;
				ASSETCATALOG_COMPILER_GLOBAL_ACCENT_COLOR_NAME = AccentColor;
				CODE_SIGN_IDENTITY = "Apple Development";
				"CODE_SIGN_IDENTITY[sdk=iphoneos*]" = "iPhone Developer";
				CODE_SIGN_STYLE = Manual;
				CURRENT_PROJECT_VERSION = 1;
				DEVELOPMENT_TEAM = "";
				"DEVELOPMENT_TEAM[sdk=iphoneos*]" = XS8842FK7N;
				GENERATE_INFOPLIST_FILE = YES;
				INFOPLIST_FILE = credibot/Info.plist;
				INFOPLIST_KEY_CFBundleDisplayName = CrediBot;
				INFOPLIST_KEY_UIApplicationSupportsIndirectInputEvents = YES;
				INFOPLIST_KEY_UILaunchStoryboardName = LaunchScreen;
				INFOPLIST_KEY_UISupportedInterfaceOrientations = UIInterfaceOrientationPortrait;
				INFOPLIST_KEY_UISupportedInterfaceOrientations_iPad = "UIInterfaceOrientationLandscapeLeft UIInterfaceOrientationLandscapeRight UIInterfaceOrientationPortrait UIInterfaceOrientationPortraitUpsideDown";
				INFOPLIST_KEY_UIUserInterfaceStyle = Light;
				IPHONEOS_DEPLOYMENT_TARGET = 14.0;
				LD_RUNPATH_SEARCH_PATHS = (
					"$(inherited)",
					"@executable_path/Frameworks",
				);
				MARKETING_VERSION = 1.0.0;
				PRODUCT_BUNDLE_IDENTIFIER = com.wentao.ald.test;
				PRODUCT_NAME = "$(TARGET_NAME)";
				PROVISIONING_PROFILE_SPECIFIER = "";
				"PROVISIONING_PROFILE_SPECIFIER[sdk=iphoneos*]" = peizhiwenjian;
				SUPPORTED_PLATFORMS = "iphoneos iphonesimulator";
				SUPPORTS_MACCATALYST = NO;
				SUPPORTS_MAC_DESIGNED_FOR_IPHONE_IPAD = NO;
				SUPPORTS_XR_DESIGNED_FOR_IPHONE_IPAD = NO;
				SWIFT_EMIT_LOC_STRINGS = YES;
				SWIFT_VERSION = 5.0;
				TARGETED_DEVICE_FAMILY = 1;
			};
			name = Debug;
		};
		735971102DE5A6CD00CA01DC /* Release */ = {
			isa = XCBuildConfiguration;
			baseConfigurationReference = 09128FF3F3A376DACDB17C27 /* Pods-credibot.release.xcconfig */;
			buildSettings = {
				ASSETCATALOG_COMPILER_APPICON_NAME = AppIcon;
				ASSETCATALOG_COMPILER_GLOBAL_ACCENT_COLOR_NAME = AccentColor;
				CODE_SIGN_IDENTITY = "Apple Development";
				"CODE_SIGN_IDENTITY[sdk=iphoneos*]" = "iPhone Developer";
				CODE_SIGN_STYLE = Manual;
				CURRENT_PROJECT_VERSION = 1;
				DEVELOPMENT_TEAM = "";
				"DEVELOPMENT_TEAM[sdk=iphoneos*]" = XS8842FK7N;
				GENERATE_INFOPLIST_FILE = YES;
				INFOPLIST_FILE = credibot/Info.plist;
				INFOPLIST_KEY_CFBundleDisplayName = CrediBot;
				INFOPLIST_KEY_UIApplicationSupportsIndirectInputEvents = YES;
				INFOPLIST_KEY_UILaunchStoryboardName = LaunchScreen;
				INFOPLIST_KEY_UISupportedInterfaceOrientations = UIInterfaceOrientationPortrait;
				INFOPLIST_KEY_UISupportedInterfaceOrientations_iPad = "UIInterfaceOrientationLandscapeLeft UIInterfaceOrientationLandscapeRight UIInterfaceOrientationPortrait UIInterfaceOrientationPortraitUpsideDown";
				INFOPLIST_KEY_UIUserInterfaceStyle = Light;
				IPHONEOS_DEPLOYMENT_TARGET = 14.0;
				LD_RUNPATH_SEARCH_PATHS = (
					"$(inherited)",
					"@executable_path/Frameworks",
				);
				MARKETING_VERSION = 1.0.0;
				PRODUCT_BUNDLE_IDENTIFIER = com.wentao.ald.test;
				PRODUCT_NAME = "$(TARGET_NAME)";
				PROVISIONING_PROFILE_SPECIFIER = "";
				"PROVISIONING_PROFILE_SPECIFIER[sdk=iphoneos*]" = peizhiwenjian;
				SUPPORTED_PLATFORMS = "iphoneos iphonesimulator";
				SUPPORTS_MACCATALYST = NO;
				SUPPORTS_MAC_DESIGNED_FOR_IPHONE_IPAD = NO;
				SUPPORTS_XR_DESIGNED_FOR_IPHONE_IPAD = NO;
				SWIFT_EMIT_LOC_STRINGS = YES;
				SWIFT_VERSION = 5.0;
				TARGETED_DEVICE_FAMILY = 1;
			};
			name = Release;
		};
		735971112DE5A6CD00CA01DC /* Debug */ = {
			isa = XCBuildConfiguration;
			buildSettings = {
				ALWAYS_SEARCH_USER_PATHS = NO;
				ASSETCATALOG_COMPILER_GENERATE_SWIFT_ASSET_SYMBOL_EXTENSIONS = YES;
				CLANG_ANALYZER_NONNULL = YES;
				CLANG_ANALYZER_NUMBER_OBJECT_CONVERSION = YES_AGGRESSIVE;
				CLANG_CXX_LANGUAGE_STANDARD = "gnu++20";
				CLANG_ENABLE_MODULES = YES;
				CLANG_ENABLE_OBJC_ARC = YES;
				CLANG_ENABLE_OBJC_WEAK = YES;
				CLANG_WARN_BLOCK_CAPTURE_AUTORELEASING = YES;
				CLANG_WARN_BOOL_CONVERSION = YES;
				CLANG_WARN_COMMA = YES;
				CLANG_WARN_CONSTANT_CONVERSION = YES;
				CLANG_WARN_DEPRECATED_OBJC_IMPLEMENTATIONS = YES;
				CLANG_WARN_DIRECT_OBJC_ISA_USAGE = YES_ERROR;
				CLANG_WARN_DOCUMENTATION_COMMENTS = YES;
				CLANG_WARN_EMPTY_BODY = YES;
				CLANG_WARN_ENUM_CONVERSION = YES;
				CLANG_WARN_INFINITE_RECURSION = YES;
				CLANG_WARN_INT_CONVERSION = YES;
				CLANG_WARN_NON_LITERAL_NULL_CONVERSION = YES;
				CLANG_WARN_OBJC_IMPLICIT_RETAIN_SELF = YES;
				CLANG_WARN_OBJC_LITERAL_CONVERSION = YES;
				CLANG_WARN_OBJC_ROOT_CLASS = YES_ERROR;
				CLANG_WARN_QUOTED_INCLUDE_IN_FRAMEWORK_HEADER = YES;
				CLANG_WARN_RANGE_LOOP_ANALYSIS = YES;
				CLANG_WARN_STRICT_PROTOTYPES = YES;
				CLANG_WARN_SUSPICIOUS_MOVE = YES;
				CLANG_WARN_UNGUARDED_AVAILABILITY = YES_AGGRESSIVE;
				CLANG_WARN_UNREACHABLE_CODE = YES;
				CLANG_WARN__DUPLICATE_METHOD_MATCH = YES;
				COPY_PHASE_STRIP = NO;
				DEBUG_INFORMATION_FORMAT = dwarf;
				ENABLE_STRICT_OBJC_MSGSEND = YES;
				ENABLE_TESTABILITY = YES;
				ENABLE_USER_SCRIPT_SANDBOXING = YES;
				GCC_C_LANGUAGE_STANDARD = gnu17;
				GCC_DYNAMIC_NO_PIC = NO;
				GCC_NO_COMMON_BLOCKS = YES;
				GCC_OPTIMIZATION_LEVEL = 0;
				GCC_PREPROCESSOR_DEFINITIONS = (
					"DEBUG=1",
					"$(inherited)",
				);
				GCC_WARN_64_TO_32_BIT_CONVERSION = YES;
				GCC_WARN_ABOUT_RETURN_TYPE = YES_ERROR;
				GCC_WARN_UNDECLARED_SELECTOR = YES;
				GCC_WARN_UNINITIALIZED_AUTOS = YES_AGGRESSIVE;
				GCC_WARN_UNUSED_FUNCTION = YES;
				GCC_WARN_UNUSED_VARIABLE = YES;
				IPHONEOS_DEPLOYMENT_TARGET = 18.4;
				LOCALIZATION_PREFERS_STRING_CATALOGS = YES;
				MTL_ENABLE_DEBUG_INFO = INCLUDE_SOURCE;
				MTL_FAST_MATH = YES;
				ONLY_ACTIVE_ARCH = YES;
				SDKROOT = iphoneos;
				SWIFT_ACTIVE_COMPILATION_CONDITIONS = "DEBUG $(inherited)";
				SWIFT_OPTIMIZATION_LEVEL = "-Onone";
			};
			name = Debug;
		};
		735971122DE5A6CD00CA01DC /* Release */ = {
			isa = XCBuildConfiguration;
			buildSettings = {
				ALWAYS_SEARCH_USER_PATHS = NO;
				ASSETCATALOG_COMPILER_GENERATE_SWIFT_ASSET_SYMBOL_EXTENSIONS = YES;
				CLANG_ANALYZER_NONNULL = YES;
				CLANG_ANALYZER_NUMBER_OBJECT_CONVERSION = YES_AGGRESSIVE;
				CLANG_CXX_LANGUAGE_STANDARD = "gnu++20";
				CLANG_ENABLE_MODULES = YES;
				CLANG_ENABLE_OBJC_ARC = YES;
				CLANG_ENABLE_OBJC_WEAK = YES;
				CLANG_WARN_BLOCK_CAPTURE_AUTORELEASING = YES;
				CLANG_WARN_BOOL_CONVERSION = YES;
				CLANG_WARN_COMMA = YES;
				CLANG_WARN_CONSTANT_CONVERSION = YES;
				CLANG_WARN_DEPRECATED_OBJC_IMPLEMENTATIONS = YES;
				CLANG_WARN_DIRECT_OBJC_ISA_USAGE = YES_ERROR;
				CLANG_WARN_DOCUMENTATION_COMMENTS = YES;
				CLANG_WARN_EMPTY_BODY = YES;
				CLANG_WARN_ENUM_CONVERSION = YES;
				CLANG_WARN_INFINITE_RECURSION = YES;
				CLANG_WARN_INT_CONVERSION = YES;
				CLANG_WARN_NON_LITERAL_NULL_CONVERSION = YES;
				CLANG_WARN_OBJC_IMPLICIT_RETAIN_SELF = YES;
				CLANG_WARN_OBJC_LITERAL_CONVERSION = YES;
				CLANG_WARN_OBJC_ROOT_CLASS = YES_ERROR;
				CLANG_WARN_QUOTED_INCLUDE_IN_FRAMEWORK_HEADER = YES;
				CLANG_WARN_RANGE_LOOP_ANALYSIS = YES;
				CLANG_WARN_STRICT_PROTOTYPES = YES;
				CLANG_WARN_SUSPICIOUS_MOVE = YES;
				CLANG_WARN_UNGUARDED_AVAILABILITY = YES_AGGRESSIVE;
				CLANG_WARN_UNREACHABLE_CODE = YES;
				CLANG_WARN__DUPLICATE_METHOD_MATCH = YES;
				COPY_PHASE_STRIP = NO;
				DEBUG_INFORMATION_FORMAT = "dwarf-with-dsym";
				ENABLE_NS_ASSERTIONS = NO;
				ENABLE_STRICT_OBJC_MSGSEND = YES;
				ENABLE_USER_SCRIPT_SANDBOXING = YES;
				GCC_C_LANGUAGE_STANDARD = gnu17;
				GCC_NO_COMMON_BLOCKS = YES;
				GCC_WARN_64_TO_32_BIT_CONVERSION = YES;
				GCC_WARN_ABOUT_RETURN_TYPE = YES_ERROR;
				GCC_WARN_UNDECLARED_SELECTOR = YES;
				GCC_WARN_UNINITIALIZED_AUTOS = YES_AGGRESSIVE;
				GCC_WARN_UNUSED_FUNCTION = YES;
				GCC_WARN_UNUSED_VARIABLE = YES;
				IPHONEOS_DEPLOYMENT_TARGET = 18.4;
				LOCALIZATION_PREFERS_STRING_CATALOGS = YES;
				MTL_ENABLE_DEBUG_INFO = NO;
				MTL_FAST_MATH = YES;
				SDKROOT = iphoneos;
				SWIFT_COMPILATION_MODE = wholemodule;
				VALIDATE_PRODUCT = YES;
			};
			name = Release;
		};
/* End XCBuildConfiguration section */

/* Begin XCConfigurationList section */
		735970F62DE5A6CC00CA01DC /* Build configuration list for PBXProject "credibot" */ = {
			isa = XCConfigurationList;
			buildConfigurations = (
				735971112DE5A6CD00CA01DC /* Debug */,
				735971122DE5A6CD00CA01DC /* Release */,
			);
			defaultConfigurationIsVisible = 0;
			defaultConfigurationName = Release;
		};
		7359710E2DE5A6CD00CA01DC /* Build configuration list for PBXNativeTarget "credibot" */ = {
			isa = XCConfigurationList;
			buildConfigurations = (
				7359710F2DE5A6CD00CA01DC /* Debug */,
				735971102DE5A6CD00CA01DC /* Release */,
			);
			defaultConfigurationIsVisible = 0;
			defaultConfigurationName = Release;
		};
/* End XCConfigurationList section */
	};
	rootObject = 735970F32DE5A6CC00CA01DC /* Project object */;
}
